
Microsoft Visual Studio Solution File, Format Version 12.00
# Visual Studio Version 17
VisualStudioVersion = 17.5.002.0
MinimumVisualStudioVersion = 10.0.40219.1
Project("{9A19103F-16F7-4668-BE54-9A1E7A4F7556}") = "BlogForBlog", "BlogForBlog\BlogForBlog.csproj", "{94F832D1-21F7-48EB-BD4D-2D69A6F3BA99}"
EndProject
Global
	GlobalSection(SolutionConfigurationPlatforms) = preSolution
		Debug|Any CPU = Debug|Any CPU
		Release|Any CPU = Release|Any CPU
	EndGlobalSection
	GlobalSection(ProjectConfigurationPlatforms) = postSolution
		{94F832D1-21F7-48EB-BD4D-2D69A6F3BA99}.Debug|Any CPU.ActiveCfg = Debug|Any CPU
		{94F832D1-21F7-48EB-BD4D-2D69A6F3BA99}.Debug|Any CPU.Build.0 = Debug|Any CPU
		{94F832D1-21F7-48EB-BD4D-2D69A6F3BA99}.Release|Any CPU.ActiveCfg = Release|Any CPU
		{94F832D1-21F7-48EB-BD4D-2D69A6F3BA99}.Release|Any CPU.Build.0 = Release|Any CPU
	EndGlobalSection
	GlobalSection(SolutionProperties) = preSolution
		HideSolutionNode = FALSE
	EndGlobalSection
	GlobalSection(ExtensibilityGlobals) = postSolution
		SolutionGuid = {176D1A95-333B-4882-BDA6-12B6FD1CFDF5}
	EndGlobalSection
EndGlobal
